
Microsoft Visual Studio Solution File, Format Version 12.00
Project("{370C8B7B-511F-4596-BF48-7E3B7ACDB6F8}") = "RiderPluginExample", "src\main\csharp\RiderPluginExample\RiderPluginExample.csproj", "{249BDD13-6237-45A7-9873-5E9BA3DA8164}"
EndProject
Project("{FAE04EC0-301F-11D3-BF4B-00C04F79EFBC}") = "RiderPluginExample.Tests", "src\tests\csharp\RiderPluginExample.Tests\RiderPluginExample.Tests.csproj", "{C829C34C-D2FD-48EA-AC1F-AF79E1FDAA9C}"
EndProject
Global
	GlobalSection(SolutionConfigurationPlatforms) = preSolution
		Debug|Any CPU = Debug|Any CPU
		Release|Any CPU = Release|Any CPU
	EndGlobalSection
	GlobalSection(ProjectConfigurationPlatforms) = postSolution
		{249bdd13-6237-45a7-9873-5e9ba3da8164}.Debug|Any CPU.ActiveCfg = Debug|Any CPU
		{249bdd13-6237-45a7-9873-5e9ba3da8164}.Debug|Any CPU.Build.0 = Debug|Any CPU
		{249bdd13-6237-45a7-9873-5e9ba3da8164}.Release|Any CPU.ActiveCfg = Release|Any CPU
		{249bdd13-6237-45a7-9873-5e9ba3da8164}.Release|Any CPU.Build.0 = Release|Any CPU
		{C829C34C-D2FD-48EA-AC1F-AF79E1FDAA9C}.Debug|Any CPU.ActiveCfg = Debug|Any CPU
		{C829C34C-D2FD-48EA-AC1F-AF79E1FDAA9C}.Debug|Any CPU.Build.0 = Debug|Any CPU
		{C829C34C-D2FD-48EA-AC1F-AF79E1FDAA9C}.Release|Any CPU.ActiveCfg = Release|Any CPU
		{C829C34C-D2FD-48EA-AC1F-AF79E1FDAA9C}.Release|Any CPU.Build.0 = Release|Any CPU
	EndGlobalSection
EndGlobal
